
Microsoft Visual Studio Solution File, Format Version 12.00
# Visual Studio Version 17
VisualStudioVersion = 17.7.34031.279
MinimumVisualStudioVersion = 10.0.40219.1
Project("{FAE04EC0-301F-11D3-BF4B-00C04F79EFBC}") = "proiectDAW", "proiectDAW.csproj", "{7BEE12BC-4246-4B6C-9EE7-605B10DD98D4}"
EndProject
Global
	GlobalSection(SolutionConfigurationPlatforms) = preSolution
		Debug|Any CPU = Debug|Any CPU
		Release|Any CPU = Release|Any CPU
	EndGlobalSection
	GlobalSection(ProjectConfigurationPlatforms) = postSolution
		{7BEE12BC-4246-4B6C-9EE7-605B10DD98D4}.Debug|Any CPU.ActiveCfg = Debug|Any CPU
		{7BEE12BC-4246-4B6C-9EE7-605B10DD98D4}.Debug|Any CPU.Build.0 = Debug|Any CPU
		{7BEE12BC-4246-4B6C-9EE7-605B10DD98D4}.Release|Any CPU.ActiveCfg = Release|Any CPU
		{7BEE12BC-4246-4B6C-9EE7-605B10DD98D4}.Release|Any CPU.Build.0 = Release|Any CPU
	EndGlobalSection
	GlobalSection(SolutionProperties) = preSolution
		HideSolutionNode = FALSE
	EndGlobalSection
	GlobalSection(ExtensibilityGlobals) = postSolution
		SolutionGuid = {B2D2EF3D-735D-4818-A224-E6B14290E64F}
	EndGlobalSection
EndGlobal
